
Microsoft Visual Studio Solution File, Format Version 12.00
# Visual Studio Version 17
VisualStudioVersion = 17.1.32210.238
MinimumVisualStudioVersion = 10.0.40219.1
Project("{FAE04EC0-301F-11D3-BF4B-00C04F79EFBC}") = "The_App.Server", "The_App\Server\The_App.Server.csproj", "{B97A5BF9-E4A3-455B-BFFD-A77E628243EB}"
EndProject
Project("{FAE04EC0-301F-11D3-BF4B-00C04F79EFBC}") = "The_App.Client", "The_App\Client\The_App.Client.csproj", "{566B15B7-AA0C-4BCF-9D09-747C1FDEC80B}"
EndProject
Project("{FAE04EC0-301F-11D3-BF4B-00C04F79EFBC}") = "The_App.Shared", "The_App\Shared\The_App.Shared.csproj", "{C9A22722-5D6F-4058-83AA-A1EC209D8A4F}"
EndProject
Global
	GlobalSection(SolutionConfigurationPlatforms) = preSolution
		Debug|Any CPU = Debug|Any CPU
		Release|Any CPU = Release|Any CPU
	EndGlobalSection
	GlobalSection(ProjectConfigurationPlatforms) = postSolution
		{B97A5BF9-E4A3-455B-BFFD-A77E628243EB}.Debug|Any CPU.ActiveCfg = Debug|Any CPU
		{B97A5BF9-E4A3-455B-BFFD-A77E628243EB}.Debug|Any CPU.Build.0 = Debug|Any CPU
		{B97A5BF9-E4A3-455B-BFFD-A77E628243EB}.Release|Any CPU.ActiveCfg = Release|Any CPU
		{B97A5BF9-E4A3-455B-BFFD-A77E628243EB}.Release|Any CPU.Build.0 = Release|Any CPU
		{566B15B7-AA0C-4BCF-9D09-747C1FDEC80B}.Debug|Any CPU.ActiveCfg = Debug|Any CPU
		{566B15B7-AA0C-4BCF-9D09-747C1FDEC80B}.Debug|Any CPU.Build.0 = Debug|Any CPU
		{566B15B7-AA0C-4BCF-9D09-747C1FDEC80B}.Release|Any CPU.ActiveCfg = Release|Any CPU
		{566B15B7-AA0C-4BCF-9D09-747C1FDEC80B}.Release|Any CPU.Build.0 = Release|Any CPU
		{C9A22722-5D6F-4058-83AA-A1EC209D8A4F}.Debug|Any CPU.ActiveCfg = Debug|Any CPU
		{C9A22722-5D6F-4058-83AA-A1EC209D8A4F}.Debug|Any CPU.Build.0 = Debug|Any CPU
		{C9A22722-5D6F-4058-83AA-A1EC209D8A4F}.Release|Any CPU.ActiveCfg = Release|Any CPU
		{C9A22722-5D6F-4058-83AA-A1EC209D8A4F}.Release|Any CPU.Build.0 = Release|Any CPU
	EndGlobalSection
	GlobalSection(SolutionProperties) = preSolution
		HideSolutionNode = FALSE
	EndGlobalSection
	GlobalSection(ExtensibilityGlobals) = postSolution
		SolutionGuid = {6125324F-ACE3-4F04-887C-CF9DA978FB9C}
	EndGlobalSection
EndGlobal
