
Microsoft Visual Studio Solution File, Format Version 12.00
# Visual Studio Version 17
VisualStudioVersion = 17.1.32210.238
MinimumVisualStudioVersion = 10.0.40219.1
Project("{FAE04EC0-301F-11D3-BF4B-00C04F79EFBC}") = "Final_Project.Server", "Final_Project\Server\Final_Project.Server.csproj", "{448D53C3-E40E-4EFB-858D-9EACB61D8C3C}"
EndProject
Project("{FAE04EC0-301F-11D3-BF4B-00C04F79EFBC}") = "Final_Project.Client", "Final_Project\Client\Final_Project.Client.csproj", "{4574C58C-C691-458C-A64C-8CC3FEE48462}"
EndProject
Project("{FAE04EC0-301F-11D3-BF4B-00C04F79EFBC}") = "Final_Project.Shared", "Final_Project\Shared\Final_Project.Shared.csproj", "{12901A16-86D5-472C-AE7D-3E9E96E4ED19}"
EndProject
Global
	GlobalSection(SolutionConfigurationPlatforms) = preSolution
		Debug|Any CPU = Debug|Any CPU
		Release|Any CPU = Release|Any CPU
	EndGlobalSection
	GlobalSection(ProjectConfigurationPlatforms) = postSolution
		{448D53C3-E40E-4EFB-858D-9EACB61D8C3C}.Debug|Any CPU.ActiveCfg = Debug|Any CPU
		{448D53C3-E40E-4EFB-858D-9EACB61D8C3C}.Debug|Any CPU.Build.0 = Debug|Any CPU
		{448D53C3-E40E-4EFB-858D-9EACB61D8C3C}.Release|Any CPU.ActiveCfg = Release|Any CPU
		{448D53C3-E40E-4EFB-858D-9EACB61D8C3C}.Release|Any CPU.Build.0 = Release|Any CPU
		{4574C58C-C691-458C-A64C-8CC3FEE48462}.Debug|Any CPU.ActiveCfg = Debug|Any CPU
		{4574C58C-C691-458C-A64C-8CC3FEE48462}.Debug|Any CPU.Build.0 = Debug|Any CPU
		{4574C58C-C691-458C-A64C-8CC3FEE48462}.Release|Any CPU.ActiveCfg = Release|Any CPU
		{4574C58C-C691-458C-A64C-8CC3FEE48462}.Release|Any CPU.Build.0 = Release|Any CPU
		{12901A16-86D5-472C-AE7D-3E9E96E4ED19}.Debug|Any CPU.ActiveCfg = Debug|Any CPU
		{12901A16-86D5-472C-AE7D-3E9E96E4ED19}.Debug|Any CPU.Build.0 = Debug|Any CPU
		{12901A16-86D5-472C-AE7D-3E9E96E4ED19}.Release|Any CPU.ActiveCfg = Release|Any CPU
		{12901A16-86D5-472C-AE7D-3E9E96E4ED19}.Release|Any CPU.Build.0 = Release|Any CPU
	EndGlobalSection
	GlobalSection(SolutionProperties) = preSolution
		HideSolutionNode = FALSE
	EndGlobalSection
	GlobalSection(ExtensibilityGlobals) = postSolution
		SolutionGuid = {9E3A9375-1C07-4FF1-B5AD-BDE44DC79C6C}
	EndGlobalSection
EndGlobal
